// !$*UTF8*$!
{
	archiveVersion = 1;
	classes = {
	};
	objectVersion = 46;
	objects = {

/* Begin PBXBuildFile section */
		47BDD50F1FCC9FDC00EF3B07 /* main.cpp in Sources */ = {isa = PBXBuildFile; fileRef = 47BDD50E1FCC9FDC00EF3B07 /* main.cpp */; };
		47BDD5171FCCA00500EF3B07 /* Board.cpp in Sources */ = {isa = PBXBuildFile; fileRef = 47BDD5151FCCA00500EF3B07 /* Board.cpp */; };
		47BDD51B1FCCB94200EF3B07 /* ConcentricGraph.cpp in Sources */ = {isa = PBXBuildFile; fileRef = 47BDD5191FCCB94200EF3B07 /* ConcentricGraph.cpp */; };
		47CA9E791FD87E6500469459 /* tiles_test2.cpp in Sources */ = {isa = PBXBuildFile; fileRef = 47CA9E771FD87E6500469459 /* tiles_test2.cpp */; };
		47F7A3A71FD60F6F00CEB7A4 /* test.cpp in Sources */ = {isa = PBXBuildFile; fileRef = 47F7A3A51FD60F6F00CEB7A4 /* test.cpp */; };
/* End PBXBuildFile section */

/* Begin PBXCopyFilesBuildPhase section */
		47BDD5091FCC9FDC00EF3B07 /* CopyFiles */ = {
			isa = PBXCopyFilesBuildPhase;
			buildActionMask = 2147483647;
			dstPath = /usr/share/man/man1/;
			dstSubfolderSpec = 0;
			files = (
			);
			runOnlyForDeploymentPostprocessing = 1;
		};
/* End PBXCopyFilesBuildPhase section */

/* Begin PBXFileReference section */
		47BDD50B1FCC9FDC00EF3B07 /* Catan */ = {isa = PBXFileReference; explicitFileType = "compiled.mach-o.executable"; includeInIndex = 0; path = Catan; sourceTree = BUILT_PRODUCTS_DIR; };
		47BDD50E1FCC9FDC00EF3B07 /* main.cpp */ = {isa = PBXFileReference; lastKnownFileType = sourcecode.cpp.cpp; name = main.cpp; path = /Users/jonathansassoon/Projects/Catan/main.cpp; sourceTree = "<absolute>"; };
		47BDD5151FCCA00500EF3B07 /* Board.cpp */ = {isa = PBXFileReference; fileEncoding = 4; lastKnownFileType = sourcecode.cpp.cpp; name = Board.cpp; path = /Users/jonathansassoon/Projects/Catan/Board.cpp; sourceTree = "<absolute>"; };
		47BDD5181FCCB89100EF3B07 /* ConcentricGraph.h */ = {isa = PBXFileReference; lastKnownFileType = sourcecode.c.h; name = ConcentricGraph.h; path = /Users/jonathansassoon/Projects/Catan/ConcentricGraph.h; sourceTree = "<absolute>"; };
		47BDD5191FCCB94200EF3B07 /* ConcentricGraph.cpp */ = {isa = PBXFileReference; fileEncoding = 4; lastKnownFileType = sourcecode.cpp.cpp; name = ConcentricGraph.cpp; path = /Users/jonathansassoon/Projects/Catan/ConcentricGraph.cpp; sourceTree = "<absolute>"; };
		47BDD51C1FCCBC6B00EF3B07 /* Board.h */ = {isa = PBXFileReference; lastKnownFileType = sourcecode.c.h; name = Board.h; path = /Users/jonathansassoon/Projects/Catan/Board.h; sourceTree = "<absolute>"; };
		47CA9E771FD87E6500469459 /* tiles_test2.cpp */ = {isa = PBXFileReference; fileEncoding = 4; lastKnownFileType = sourcecode.cpp.cpp; path = tiles_test2.cpp; sourceTree = SOURCE_ROOT; };
		47F7A3A41FD5DF2500CEB7A4 /* Outline.rtf */ = {isa = PBXFileReference; fileEncoding = 4; lastKnownFileType = text.rtf; path = Outline.rtf; sourceTree = SOURCE_ROOT; };
		47F7A3A51FD60F6F00CEB7A4 /* test.cpp */ = {isa = PBXFileReference; fileEncoding = 4; lastKnownFileType = sourcecode.cpp.cpp; path = test.cpp; sourceTree = SOURCE_ROOT; };
/* End PBXFileReference section */

/* Begin PBXFrameworksBuildPhase section */
		47BDD5081FCC9FDC00EF3B07 /* Frameworks */ = {
			isa = PBXFrameworksBuildPhase;
			buildActionMask = 2147483647;
			files = (
			);
			runOnlyForDeploymentPostprocessing = 0;
		};
/* End PBXFrameworksBuildPhase section */

/* Begin PBXGroup section */
		47BDD5021FCC9FDC00EF3B07 = {
			isa = PBXGroup;
			children = (
				47BDD50D1FCC9FDC00EF3B07 /* Catan */,
				47BDD50C1FCC9FDC00EF3B07 /* Products */,
			);
			sourceTree = "<group>";
		};
		47BDD50C1FCC9FDC00EF3B07 /* Products */ = {
			isa = PBXGroup;
			children = (
				47BDD50B1FCC9FDC00EF3B07 /* Catan */,
			);
			name = Products;
			sourceTree = "<group>";
		};
		47BDD50D1FCC9FDC00EF3B07 /* Catan */ = {
			isa = PBXGroup;
			children = (
				47BDD50E1FCC9FDC00EF3B07 /* main.cpp */,
				47BDD5151FCCA00500EF3B07 /* Board.cpp */,
				47BDD51C1FCCBC6B00EF3B07 /* Board.h */,
				47BDD5181FCCB89100EF3B07 /* ConcentricGraph.h */,
				47BDD5191FCCB94200EF3B07 /* ConcentricGraph.cpp */,
				47F7A3A41FD5DF2500CEB7A4 /* Outline.rtf */,
				47F7A3A51FD60F6F00CEB7A4 /* test.cpp */,
				47CA9E771FD87E6500469459 /* tiles_test2.cpp */,
			);
			path = Catan;
			sourceTree = "<group>";
		};
/* End PBXGroup section */

/* Begin PBXNativeTarget section */
		47BDD50A1FCC9FDC00EF3B07 /* Catan */ = {
			isa = PBXNativeTarget;
			buildConfigurationList = 47BDD5121FCC9FDC00EF3B07 /* Build configuration list for PBXNativeTarget "Catan" */;
			buildPhases = (
				47BDD5071FCC9FDC00EF3B07 /* Sources */,
				47BDD5081FCC9FDC00EF3B07 /* Frameworks */,
				47BDD5091FCC9FDC00EF3B07 /* CopyFiles */,
			);
			buildRules = (
			);
			dependencies = (
			);
			name = Catan;
			productName = Catan;
			productReference = 47BDD50B1FCC9FDC00EF3B07 /* Catan */;
			productType = "com.apple.product-type.tool";
		};
/* End PBXNativeTarget section */

/* Begin PBXProject section */
		47BDD5031FCC9FDC00EF3B07 /* Project object */ = {
			isa = PBXProject;
			attributes = {
				LastUpgradeCheck = 0830;
				ORGANIZATIONNAME = "Jonathan Sassoon";
				TargetAttributes = {
					47BDD50A1FCC9FDC00EF3B07 = {
						CreatedOnToolsVersion = 8.3.3;
						ProvisioningStyle = Automatic;
					};
				};
			};
			buildConfigurationList = 47BDD5061FCC9FDC00EF3B07 /* Build configuration list for PBXProject "Catan" */;
			compatibilityVersion = "Xcode 3.2";
			developmentRegion = English;
			hasScannedForEncodings = 0;
			knownRegions = (
				en,
			);
			mainGroup = 47BDD5021FCC9FDC00EF3B07;
			productRefGroup = 47BDD50C1FCC9FDC00EF3B07 /* Products */;
			projectDirPath = "";
			projectRoot = "";
			targets = (
				47BDD50A1FCC9FDC00EF3B07 /* Catan */,
			);
		};
/* End PBXProject section */

/* Begin PBXSourcesBuildPhase section */
		47BDD5071FCC9FDC00EF3B07 /* Sources */ = {
			isa = PBXSourcesBuildPhase;
			buildActionMask = 2147483647;
			files = (
				47BDD5171FCCA00500EF3B07 /* Board.cpp in Sources */,
				47BDD51B1FCCB94200EF3B07 /* ConcentricGraph.cpp in Sources */,
				47CA9E791FD87E6500469459 /* tiles_test2.cpp in Sources */,
				47BDD50F1FCC9FDC00EF3B07 /* main.cpp in Sources */,
				47F7A3A71FD60F6F00CEB7A4 /* test.cpp in Sources */,
			);
			runOnlyForDeploymentPostprocessing = 0;
		};
/* End PBXSourcesBuildPhase section */

/* Begin XCBuildConfiguration section */
		47BDD5101FCC9FDC00EF3B07 /* Debug */ = {
			isa = XCBuildConfiguration;
			buildSettings = {
				ALWAYS_SEARCH_USER_PATHS = NO;
				CLANG_ANALYZER_NONNULL = YES;
				CLANG_ANALYZER_NUMBER_OBJECT_CONVERSION = YES_AGGRESSIVE;
				CLANG_CXX_LANGUAGE_STANDARD = "gnu++0x";
				CLANG_CXX_LIBRARY = "libc++";
				CLANG_ENABLE_MODULES = YES;
				CLANG_ENABLE_OBJC_ARC = YES;
				CLANG_WARN_BOOL_CONVERSION = YES;
				CLANG_WARN_CONSTANT_CONVERSION = YES;
				CLANG_WARN_DIRECT_OBJC_ISA_USAGE = YES_ERROR;
				CLANG_WARN_DOCUMENTATION_COMMENTS = YES;
				CLANG_WARN_EMPTY_BODY = YES;
				CLANG_WARN_ENUM_CONVERSION = YES;
				CLANG_WARN_INFINITE_RECURSION = YES;
				CLANG_WARN_INT_CONVERSION = YES;
				CLANG_WARN_OBJC_ROOT_CLASS = YES_ERROR;
				CLANG_WARN_SUSPICIOUS_MOVE = YES;
				CLANG_WARN_UNREACHABLE_CODE = YES;
				CLANG_WARN__DUPLICATE_METHOD_MATCH = YES;
				CODE_SIGN_IDENTITY = "-";
				COPY_PHASE_STRIP = NO;
				DEBUG_INFORMATION_FORMAT = dwarf;
				ENABLE_STRICT_OBJC_MSGSEND = YES;
				ENABLE_TESTABILITY = YES;
				GCC_C_LANGUAGE_STANDARD = gnu99;
				GCC_DYNAMIC_NO_PIC = NO;
				GCC_NO_COMMON_BLOCKS = YES;
				GCC_OPTIMIZATION_LEVEL = 0;
				GCC_PREPROCESSOR_DEFINITIONS = (
					"DEBUG=1",
					"$(inherited)",
				);
				GCC_WARN_64_TO_32_BIT_CONVERSION = YES;
				GCC_WARN_ABOUT_RETURN_TYPE = YES_ERROR;
				GCC_WARN_UNDECLARED_SELECTOR = YES;
				GCC_WARN_UNINITIALIZED_AUTOS = YES_AGGRESSIVE;
				GCC_WARN_UNUSED_FUNCTION = YES;
				GCC_WARN_UNUSED_VARIABLE = YES;
				MACOSX_DEPLOYMENT_TARGET = 10.12;
				MTL_ENABLE_DEBUG_INFO = YES;
				ONLY_ACTIVE_ARCH = YES;
				SDKROOT = macosx;
			};
			name = Debug;
		};
		47BDD5111FCC9FDC00EF3B07 /* Release */ = {
			isa = XCBuildConfiguration;
			buildSettings = {
				ALWAYS_SEARCH_USER_PATHS = NO;
				CLANG_ANALYZER_NONNULL = YES;
				CLANG_ANALYZER_NUMBER_OBJECT_CONVERSION = YES_AGGRESSIVE;
				CLANG_CXX_LANGUAGE_STANDARD = "gnu++0x";
				CLANG_CXX_LIBRARY = "libc++";
				CLANG_ENABLE_MODULES = YES;
				CLANG_ENABLE_OBJC_ARC = YES;
				CLANG_WARN_BOOL_CONVERSION = YES;
				CLANG_WARN_CONSTANT_CONVERSION = YES;
				CLANG_WARN_DIRECT_OBJC_ISA_USAGE = YES_ERROR;
				CLANG_WARN_DOCUMENTATION_COMMENTS = YES;
				CLANG_WARN_EMPTY_BODY = YES;
				CLANG_WARN_ENUM_CONVERSION = YES;
				CLANG_WARN_INFINITE_RECURSION = YES;
				CLANG_WARN_INT_CONVERSION = YES;
				CLANG_WARN_OBJC_ROOT_CLASS = YES_ERROR;
				CLANG_WARN_SUSPICIOUS_MOVE = YES;
				CLANG_WARN_UNREACHABLE_CODE = YES;
				CLANG_WARN__DUPLICATE_METHOD_MATCH = YES;
				CODE_SIGN_IDENTITY = "-";
				COPY_PHASE_STRIP = NO;
				DEBUG_INFORMATION_FORMAT = "dwarf-with-dsym";
				ENABLE_NS_ASSERTIONS = NO;
				ENABLE_STRICT_OBJC_MSGSEND = YES;
				GCC_C_LANGUAGE_STANDARD = gnu99;
				GCC_NO_COMMON_BLOCKS = YES;
				GCC_WARN_64_TO_32_BIT_CONVERSION = YES;
				GCC_WARN_ABOUT_RETURN_TYPE = YES_ERROR;
				GCC_WARN_UNDECLARED_SELECTOR = YES;
				GCC_WARN_UNINITIALIZED_AUTOS = YES_AGGRESSIVE;
				GCC_WARN_UNUSED_FUNCTION = YES;
				GCC_WARN_UNUSED_VARIABLE = YES;
				MACOSX_DEPLOYMENT_TARGET = 10.12;
				MTL_ENABLE_DEBUG_INFO = NO;
				SDKROOT = macosx;
			};
			name = Release;
		};
		47BDD5131FCC9FDC00EF3B07 /* Debug */ = {
			isa = XCBuildConfiguration;
			buildSettings = {
				PRODUCT_NAME = "$(TARGET_NAME)";
			};
			name = Debug;
		};
		47BDD5141FCC9FDC00EF3B07 /* Release */ = {
			isa = XCBuildConfiguration;
			buildSettings = {
				PRODUCT_NAME = "$(TARGET_NAME)";
			};
			name = Release;
		};
/* End XCBuildConfiguration section */

/* Begin XCConfigurationList section */
		47BDD5061FCC9FDC00EF3B07 /* Build configuration list for PBXProject "Catan" */ = {
			isa = XCConfigurationList;
			buildConfigurations = (
				47BDD5101FCC9FDC00EF3B07 /* Debug */,
				47BDD5111FCC9FDC00EF3B07 /* Release */,
			);
			defaultConfigurationIsVisible = 0;
			defaultConfigurationName = Release;
		};
		47BDD5121FCC9FDC00EF3B07 /* Build configuration list for PBXNativeTarget "Catan" */ = {
			isa = XCConfigurationList;
			buildConfigurations = (
				47BDD5131FCC9FDC00EF3B07 /* Debug */,
				47BDD5141FCC9FDC00EF3B07 /* Release */,
			);
			defaultConfigurationIsVisible = 0;
			defaultConfigurationName = Release;
		};
/* End XCConfigurationList section */
	};
	rootObject = 47BDD5031FCC9FDC00EF3B07 /* Project object */;
}
